
Microsoft Visual Studio Solution File, Format Version 12.00
# Visual Studio Version 17
VisualStudioVersion = 17.1.32228.430
MinimumVisualStudioVersion = 10.0.40219.1
Project("{9A19103F-16F7-4668-BE54-9A1E7A4F7556}") = "CP_AuthCookieApp", "CP_AuthCookieApp\CP_AuthCookieApp.csproj", "{C0BDFA60-442C-43BB-8D00-19A32D63A6E4}"
EndProject
Project("{FAE04EC0-301F-11D3-BF4B-00C04F79EFBC}") = "ClassLibrary1", "ClassLibrary1\ClassLibrary1.csproj", "{577A6288-207C-4F1E-A982-E0FF6C826CA9}"
EndProject
Global
	GlobalSection(SolutionConfigurationPlatforms) = preSolution
		Debug|Any CPU = Debug|Any CPU
		Release|Any CPU = Release|Any CPU
	EndGlobalSection
	GlobalSection(ProjectConfigurationPlatforms) = postSolution
		{C0BDFA60-442C-43BB-8D00-19A32D63A6E4}.Debug|Any CPU.ActiveCfg = Debug|Any CPU
		{C0BDFA60-442C-43BB-8D00-19A32D63A6E4}.Debug|Any CPU.Build.0 = Debug|Any CPU
		{C0BDFA60-442C-43BB-8D00-19A32D63A6E4}.Release|Any CPU.ActiveCfg = Release|Any CPU
		{C0BDFA60-442C-43BB-8D00-19A32D63A6E4}.Release|Any CPU.Build.0 = Release|Any CPU
		{577A6288-207C-4F1E-A982-E0FF6C826CA9}.Debug|Any CPU.ActiveCfg = Debug|Any CPU
		{577A6288-207C-4F1E-A982-E0FF6C826CA9}.Debug|Any CPU.Build.0 = Debug|Any CPU
		{577A6288-207C-4F1E-A982-E0FF6C826CA9}.Release|Any CPU.ActiveCfg = Release|Any CPU
		{577A6288-207C-4F1E-A982-E0FF6C826CA9}.Release|Any CPU.Build.0 = Release|Any CPU
	EndGlobalSection
	GlobalSection(SolutionProperties) = preSolution
		HideSolutionNode = FALSE
	EndGlobalSection
	GlobalSection(ExtensibilityGlobals) = postSolution
		SolutionGuid = {FCC64A6D-6A59-47DE-B044-571EA7FD7EBC}
	EndGlobalSection
EndGlobal
