
Microsoft Visual Studio Solution File, Format Version 12.00
# Visual Studio Version 17
VisualStudioVersion = 17.1.32228.430
MinimumVisualStudioVersion = 10.0.40219.1
Project("{FAE04EC0-301F-11D3-BF4B-00C04F79EFBC}") = "Monahov_lr2_v2", "Monahov_lr2_v2\Monahov_lr2_v2.csproj", "{DBEC8C23-7363-446E-BCD9-A1ADA9B19F29}"
EndProject
Global
	GlobalSection(SolutionConfigurationPlatforms) = preSolution
		Debug|Any CPU = Debug|Any CPU
		Release|Any CPU = Release|Any CPU
	EndGlobalSection
	GlobalSection(ProjectConfigurationPlatforms) = postSolution
		{DBEC8C23-7363-446E-BCD9-A1ADA9B19F29}.Debug|Any CPU.ActiveCfg = Debug|Any CPU
		{DBEC8C23-7363-446E-BCD9-A1ADA9B19F29}.Debug|Any CPU.Build.0 = Debug|Any CPU
		{DBEC8C23-7363-446E-BCD9-A1ADA9B19F29}.Release|Any CPU.ActiveCfg = Release|Any CPU
		{DBEC8C23-7363-446E-BCD9-A1ADA9B19F29}.Release|Any CPU.Build.0 = Release|Any CPU
	EndGlobalSection
	GlobalSection(SolutionProperties) = preSolution
		HideSolutionNode = FALSE
	EndGlobalSection
	GlobalSection(ExtensibilityGlobals) = postSolution
		SolutionGuid = {060084FB-F730-4850-97A2-082C6AE76B18}
	EndGlobalSection
EndGlobal
